
Microsoft Visual Studio Solution File, Format Version 12.00
# Visual Studio Version 17
VisualStudioVersion = 17.0.32014.148
MinimumVisualStudioVersion = 10.0.40219.1
Project("{FAE04EC0-301F-11D3-BF4B-00C04F79EFBC}") = "RandomMovieQuote", "RandomMovieQuote\RandomMovieQuote.csproj", "{28AE7876-2B70-41D8-813E-563935E8A72D}"
EndProject
Global
	GlobalSection(SolutionConfigurationPlatforms) = preSolution
		Debug|Any CPU = Debug|Any CPU
		Release|Any CPU = Release|Any CPU
	EndGlobalSection
	GlobalSection(ProjectConfigurationPlatforms) = postSolution
		{28AE7876-2B70-41D8-813E-563935E8A72D}.Debug|Any CPU.ActiveCfg = Debug|Any CPU
		{28AE7876-2B70-41D8-813E-563935E8A72D}.Debug|Any CPU.Build.0 = Debug|Any CPU
		{28AE7876-2B70-41D8-813E-563935E8A72D}.Release|Any CPU.ActiveCfg = Release|Any CPU
		{28AE7876-2B70-41D8-813E-563935E8A72D}.Release|Any CPU.Build.0 = Release|Any CPU
	EndGlobalSection
	GlobalSection(SolutionProperties) = preSolution
		HideSolutionNode = FALSE
	EndGlobalSection
	GlobalSection(ExtensibilityGlobals) = postSolution
		SolutionGuid = {30DC0491-B350-4982-BE73-4169239113CE}
	EndGlobalSection
EndGlobal
